
Microsoft Visual Studio Solution File, Format Version 12.00
# Visual Studio Version 16
VisualStudioVersion = 16.0.32126.315
MinimumVisualStudioVersion = 10.0.40219.1
Project("{FAE04EC0-301F-11D3-BF4B-00C04F79EFBC}") = "AuthorizationExample", "AuthorizationExample\AuthorizationExample.csproj", "{AD62F2BD-CEC5-4511-9240-F73F389B3EFB}"
EndProject
Global
	GlobalSection(SolutionConfigurationPlatforms) = preSolution
		Debug|Any CPU = Debug|Any CPU
		Release|Any CPU = Release|Any CPU
	EndGlobalSection
	GlobalSection(ProjectConfigurationPlatforms) = postSolution
		{AD62F2BD-CEC5-4511-9240-F73F389B3EFB}.Debug|Any CPU.ActiveCfg = Debug|Any CPU
		{AD62F2BD-CEC5-4511-9240-F73F389B3EFB}.Debug|Any CPU.Build.0 = Debug|Any CPU
		{AD62F2BD-CEC5-4511-9240-F73F389B3EFB}.Release|Any CPU.ActiveCfg = Release|Any CPU
		{AD62F2BD-CEC5-4511-9240-F73F389B3EFB}.Release|Any CPU.Build.0 = Release|Any CPU
	EndGlobalSection
	GlobalSection(SolutionProperties) = preSolution
		HideSolutionNode = FALSE
	EndGlobalSection
	GlobalSection(ExtensibilityGlobals) = postSolution
		SolutionGuid = {4E7A46DC-6AA8-4C6B-8459-DCC2DDD08EF7}
	EndGlobalSection
EndGlobal
