
Microsoft Visual Studio Solution File, Format Version 12.00
# Visual Studio Version 16
VisualStudioVersion = 16.0.32126.315
MinimumVisualStudioVersion = 10.0.40219.1
Project("{FAE04EC0-301F-11D3-BF4B-00C04F79EFBC}") = "CPUBattleApp", "CPUBattleApp\CPUBattleApp.csproj", "{C0CDB764-3041-4473-972C-5FC006C889B8}"
EndProject
Global
	GlobalSection(SolutionConfigurationPlatforms) = preSolution
		Debug|Any CPU = Debug|Any CPU
		Release|Any CPU = Release|Any CPU
	EndGlobalSection
	GlobalSection(ProjectConfigurationPlatforms) = postSolution
		{C0CDB764-3041-4473-972C-5FC006C889B8}.Debug|Any CPU.ActiveCfg = Debug|Any CPU
		{C0CDB764-3041-4473-972C-5FC006C889B8}.Debug|Any CPU.Build.0 = Debug|Any CPU
		{C0CDB764-3041-4473-972C-5FC006C889B8}.Release|Any CPU.ActiveCfg = Release|Any CPU
		{C0CDB764-3041-4473-972C-5FC006C889B8}.Release|Any CPU.Build.0 = Release|Any CPU
	EndGlobalSection
	GlobalSection(SolutionProperties) = preSolution
		HideSolutionNode = FALSE
	EndGlobalSection
	GlobalSection(ExtensibilityGlobals) = postSolution
		SolutionGuid = {B9F46DDC-E107-479E-9595-D1F8AA030684}
	EndGlobalSection
EndGlobal
